
Microsoft Visual Studio Solution File, Format Version 12.00
# Visual Studio Version 16
VisualStudioVersion = 16.0.31025.194
MinimumVisualStudioVersion = 10.0.40219.1
Project("{FAE04EC0-301F-11D3-BF4B-00C04F79EFBC}") = "LibraryApp", "LibraryApp.csproj", "{DEADE78D-1434-465F-90FD-62666F7FA089}"
EndProject
Global
	GlobalSection(SolutionConfigurationPlatforms) = preSolution
		Debug|Any CPU = Debug|Any CPU
		Release|Any CPU = Release|Any CPU
	EndGlobalSection
	GlobalSection(ProjectConfigurationPlatforms) = postSolution
		{DEADE78D-1434-465F-90FD-62666F7FA089}.Debug|Any CPU.ActiveCfg = Debug|Any CPU
		{DEADE78D-1434-465F-90FD-62666F7FA089}.Debug|Any CPU.Build.0 = Debug|Any CPU
		{DEADE78D-1434-465F-90FD-62666F7FA089}.Release|Any CPU.ActiveCfg = Release|Any CPU
		{DEADE78D-1434-465F-90FD-62666F7FA089}.Release|Any CPU.Build.0 = Release|Any CPU
	EndGlobalSection
	GlobalSection(SolutionProperties) = preSolution
		HideSolutionNode = FALSE
	EndGlobalSection
	GlobalSection(ExtensibilityGlobals) = postSolution
		SolutionGuid = {B133AE3E-3EF5-4DE7-BFDC-DB23A5C17443}
	EndGlobalSection
EndGlobal
