
Microsoft Visual Studio Solution File, Format Version 12.00
# Visual Studio Version 16
VisualStudioVersion = 16.0.31105.61
MinimumVisualStudioVersion = 10.0.40219.1
Project("{9A19103F-16F7-4668-BE54-9A1E7A4F7556}") = "LibraryWebApp", "LibraryWebApp.csproj", "{2FE5B457-05BC-4C5B-AE3E-F979F9F714B5}"
EndProject
Global
	GlobalSection(SolutionConfigurationPlatforms) = preSolution
		Debug|Any CPU = Debug|Any CPU
		Release|Any CPU = Release|Any CPU
	EndGlobalSection
	GlobalSection(ProjectConfigurationPlatforms) = postSolution
		{2FE5B457-05BC-4C5B-AE3E-F979F9F714B5}.Debug|Any CPU.ActiveCfg = Debug|Any CPU
		{2FE5B457-05BC-4C5B-AE3E-F979F9F714B5}.Debug|Any CPU.Build.0 = Debug|Any CPU
		{2FE5B457-05BC-4C5B-AE3E-F979F9F714B5}.Release|Any CPU.ActiveCfg = Release|Any CPU
		{2FE5B457-05BC-4C5B-AE3E-F979F9F714B5}.Release|Any CPU.Build.0 = Release|Any CPU
	EndGlobalSection
	GlobalSection(SolutionProperties) = preSolution
		HideSolutionNode = FALSE
	EndGlobalSection
	GlobalSection(ExtensibilityGlobals) = postSolution
		SolutionGuid = {DC97AC4E-C3AA-480B-B64E-A1CD5D4071FE}
	EndGlobalSection
EndGlobal
